
Microsoft Visual Studio Solution File, Format Version 12.00
# Visual Studio Version 17
VisualStudioVersion = 17.14.37012.4 d17.14
MinimumVisualStudioVersion = 10.0.40219.1
Project("{FAE04EC0-301F-11D3-BF4B-00C04F79EFBC}") = "Cats", "Cats\Cats.csproj", "{5BF4D4CA-F95A-4A25-BF1E-94C7AF1D1CB9}"
EndProject
Global
	GlobalSection(SolutionConfigurationPlatforms) = preSolution
		Debug|Any CPU = Debug|Any CPU
		Release|Any CPU = Release|Any CPU
	EndGlobalSection
	GlobalSection(ProjectConfigurationPlatforms) = postSolution
		{5BF4D4CA-F95A-4A25-BF1E-94C7AF1D1CB9}.Debug|Any CPU.ActiveCfg = Debug|Any CPU
		{5BF4D4CA-F95A-4A25-BF1E-94C7AF1D1CB9}.Debug|Any CPU.Build.0 = Debug|Any CPU
		{5BF4D4CA-F95A-4A25-BF1E-94C7AF1D1CB9}.Release|Any CPU.ActiveCfg = Release|Any CPU
		{5BF4D4CA-F95A-4A25-BF1E-94C7AF1D1CB9}.Release|Any CPU.Build.0 = Release|Any CPU
	EndGlobalSection
	GlobalSection(SolutionProperties) = preSolution
		HideSolutionNode = FALSE
	EndGlobalSection
	GlobalSection(ExtensibilityGlobals) = postSolution
		SolutionGuid = {9366D306-1F68-4D77-99C3-4EA3191DEA28}
	EndGlobalSection
EndGlobal
