Microsoft Visual Studio Solution File, Format Version 12.00
# Visual Studio Version 17
VisualStudioVersion = 17.5.2.0
MinimumVisualStudioVersion = 10.0.40219.1
Project("{FAE04EC0-301F-11D3-BF4B-00C04F79EFBC}") = "20251202karakterfeldolgozo", "20251202karakterfeldolgozo.csproj", "{75C574AA-94CB-028E-1AF1-E4D81763FC53}"
EndProject
Global
	GlobalSection(SolutionConfigurationPlatforms) = preSolution
		Debug|Any CPU = Debug|Any CPU
		Release|Any CPU = Release|Any CPU
	EndGlobalSection
	GlobalSection(ProjectConfigurationPlatforms) = postSolution
		{75C574AA-94CB-028E-1AF1-E4D81763FC53}.Debug|Any CPU.ActiveCfg = Debug|Any CPU
		{75C574AA-94CB-028E-1AF1-E4D81763FC53}.Debug|Any CPU.Build.0 = Debug|Any CPU
		{75C574AA-94CB-028E-1AF1-E4D81763FC53}.Release|Any CPU.ActiveCfg = Release|Any CPU
		{75C574AA-94CB-028E-1AF1-E4D81763FC53}.Release|Any CPU.Build.0 = Release|Any CPU
	EndGlobalSection
	GlobalSection(SolutionProperties) = preSolution
		HideSolutionNode = FALSE
	EndGlobalSection
	GlobalSection(ExtensibilityGlobals) = postSolution
		SolutionGuid = {A4A26646-4CDB-4CB7-8592-12BBE10A283D}
	EndGlobalSection
EndGlobal
