
Microsoft Visual Studio Solution File, Format Version 12.00
# Visual Studio Version 17
VisualStudioVersion = 17.3.32922.545
MinimumVisualStudioVersion = 10.0.40219.1
Project("{FAE04EC0-301F-11D3-BF4B-00C04F79EFBC}") = "ZH2 - Input", "ZH2 - Input\ZH2 - Input.csproj", "{0C13E7CD-ECFE-4C52-87E0-62DFDEE9C9C7}"
EndProject
Project("{FAE04EC0-301F-11D3-BF4B-00C04F79EFBC}") = "szallitoDll", "ClassLibrary1\szallitoDll.csproj", "{C651CC53-46D7-4F98-A21C-CE06FA23A852}"
EndProject
Project("{FAE04EC0-301F-11D3-BF4B-00C04F79EFBC}") = "TesztDll", "TesztDll\TesztDll.csproj", "{C2C1604E-E914-433B-BF9B-9C2457C65989}"
EndProject
Global
	GlobalSection(SolutionConfigurationPlatforms) = preSolution
		Debug|Any CPU = Debug|Any CPU
		Release|Any CPU = Release|Any CPU
	EndGlobalSection
	GlobalSection(ProjectConfigurationPlatforms) = postSolution
		{0C13E7CD-ECFE-4C52-87E0-62DFDEE9C9C7}.Debug|Any CPU.ActiveCfg = Debug|Any CPU
		{0C13E7CD-ECFE-4C52-87E0-62DFDEE9C9C7}.Debug|Any CPU.Build.0 = Debug|Any CPU
		{0C13E7CD-ECFE-4C52-87E0-62DFDEE9C9C7}.Release|Any CPU.ActiveCfg = Release|Any CPU
		{0C13E7CD-ECFE-4C52-87E0-62DFDEE9C9C7}.Release|Any CPU.Build.0 = Release|Any CPU
		{C651CC53-46D7-4F98-A21C-CE06FA23A852}.Debug|Any CPU.ActiveCfg = Debug|Any CPU
		{C651CC53-46D7-4F98-A21C-CE06FA23A852}.Debug|Any CPU.Build.0 = Debug|Any CPU
		{C651CC53-46D7-4F98-A21C-CE06FA23A852}.Release|Any CPU.ActiveCfg = Release|Any CPU
		{C651CC53-46D7-4F98-A21C-CE06FA23A852}.Release|Any CPU.Build.0 = Release|Any CPU
		{C2C1604E-E914-433B-BF9B-9C2457C65989}.Debug|Any CPU.ActiveCfg = Debug|Any CPU
		{C2C1604E-E914-433B-BF9B-9C2457C65989}.Debug|Any CPU.Build.0 = Debug|Any CPU
		{C2C1604E-E914-433B-BF9B-9C2457C65989}.Release|Any CPU.ActiveCfg = Release|Any CPU
		{C2C1604E-E914-433B-BF9B-9C2457C65989}.Release|Any CPU.Build.0 = Release|Any CPU
	EndGlobalSection
	GlobalSection(SolutionProperties) = preSolution
		HideSolutionNode = FALSE
	EndGlobalSection
	GlobalSection(ExtensibilityGlobals) = postSolution
		SolutionGuid = {7CC0E454-B28F-43F9-829E-E8257AF6E6A8}
	EndGlobalSection
EndGlobal
