Microsoft Visual Studio Solution File, Format Version 12.00
# Visual Studio Version 17
VisualStudioVersion = 17.5.2.0
MinimumVisualStudioVersion = 10.0.40219.1
Project("{FAE04EC0-301F-11D3-BF4B-00C04F79EFBC}") = "20251125lambda", "20251125lambda.csproj", "{2B79D55A-D200-AF5F-ADCE-80CA9AE657F4}"
EndProject
Global
	GlobalSection(SolutionConfigurationPlatforms) = preSolution
		Debug|Any CPU = Debug|Any CPU
		Release|Any CPU = Release|Any CPU
	EndGlobalSection
	GlobalSection(ProjectConfigurationPlatforms) = postSolution
		{2B79D55A-D200-AF5F-ADCE-80CA9AE657F4}.Debug|Any CPU.ActiveCfg = Debug|Any CPU
		{2B79D55A-D200-AF5F-ADCE-80CA9AE657F4}.Debug|Any CPU.Build.0 = Debug|Any CPU
		{2B79D55A-D200-AF5F-ADCE-80CA9AE657F4}.Release|Any CPU.ActiveCfg = Release|Any CPU
		{2B79D55A-D200-AF5F-ADCE-80CA9AE657F4}.Release|Any CPU.Build.0 = Release|Any CPU
	EndGlobalSection
	GlobalSection(SolutionProperties) = preSolution
		HideSolutionNode = FALSE
	EndGlobalSection
	GlobalSection(ExtensibilityGlobals) = postSolution
		SolutionGuid = {95534FC6-7FC1-454B-A49F-6E7BEAE4FC3D}
	EndGlobalSection
EndGlobal
