Microsoft Visual Studio Solution File, Format Version 12.00
# Visual Studio Version 17
VisualStudioVersion = 17.5.2.0
MinimumVisualStudioVersion = 10.0.40219.1
Project("{FAE04EC0-301F-11D3-BF4B-00C04F79EFBC}") = "20251203auto", "20251203auto.csproj", "{904724D8-64EF-EE07-AFB3-5F90C526A3D1}"
EndProject
Global
	GlobalSection(SolutionConfigurationPlatforms) = preSolution
		Debug|Any CPU = Debug|Any CPU
		Release|Any CPU = Release|Any CPU
	EndGlobalSection
	GlobalSection(ProjectConfigurationPlatforms) = postSolution
		{904724D8-64EF-EE07-AFB3-5F90C526A3D1}.Debug|Any CPU.ActiveCfg = Debug|Any CPU
		{904724D8-64EF-EE07-AFB3-5F90C526A3D1}.Debug|Any CPU.Build.0 = Debug|Any CPU
		{904724D8-64EF-EE07-AFB3-5F90C526A3D1}.Release|Any CPU.ActiveCfg = Release|Any CPU
		{904724D8-64EF-EE07-AFB3-5F90C526A3D1}.Release|Any CPU.Build.0 = Release|Any CPU
	EndGlobalSection
	GlobalSection(SolutionProperties) = preSolution
		HideSolutionNode = FALSE
	EndGlobalSection
	GlobalSection(ExtensibilityGlobals) = postSolution
		SolutionGuid = {28C8915B-766A-4DD9-BF14-AE9EA4A5B40B}
	EndGlobalSection
EndGlobal
