
Microsoft Visual Studio Solution File, Format Version 12.00
# Visual Studio Version 18
VisualStudioVersion = 18.4.11626.88 stable
MinimumVisualStudioVersion = 10.0.40219.1
Project("{FAE04EC0-301F-11D3-BF4B-00C04F79EFBC}") = "ZH2_NAP_APP", "ZH2_NAP_APP\ZH2_NAP_APP.csproj", "{DD665967-0544-4991-90F5-4527F1D63B16}"
EndProject
Project("{FAE04EC0-301F-11D3-BF4B-00C04F79EFBC}") = "ClassLibrary1", "ClassLibrary1\ClassLibrary1.csproj", "{21074046-6298-4B0D-8506-5BA27FE4DD16}"
EndProject
Global
	GlobalSection(SolutionConfigurationPlatforms) = preSolution
		Debug|Any CPU = Debug|Any CPU
		Release|Any CPU = Release|Any CPU
	EndGlobalSection
	GlobalSection(ProjectConfigurationPlatforms) = postSolution
		{DD665967-0544-4991-90F5-4527F1D63B16}.Debug|Any CPU.ActiveCfg = Debug|Any CPU
		{DD665967-0544-4991-90F5-4527F1D63B16}.Debug|Any CPU.Build.0 = Debug|Any CPU
		{DD665967-0544-4991-90F5-4527F1D63B16}.Release|Any CPU.ActiveCfg = Release|Any CPU
		{DD665967-0544-4991-90F5-4527F1D63B16}.Release|Any CPU.Build.0 = Release|Any CPU
		{21074046-6298-4B0D-8506-5BA27FE4DD16}.Debug|Any CPU.ActiveCfg = Debug|Any CPU
		{21074046-6298-4B0D-8506-5BA27FE4DD16}.Debug|Any CPU.Build.0 = Debug|Any CPU
		{21074046-6298-4B0D-8506-5BA27FE4DD16}.Release|Any CPU.ActiveCfg = Release|Any CPU
		{21074046-6298-4B0D-8506-5BA27FE4DD16}.Release|Any CPU.Build.0 = Release|Any CPU
	EndGlobalSection
	GlobalSection(SolutionProperties) = preSolution
		HideSolutionNode = FALSE
	EndGlobalSection
	GlobalSection(ExtensibilityGlobals) = postSolution
		SolutionGuid = {E75667E3-F84F-49D5-9FDA-5A9EFC2DB835}
	EndGlobalSection
EndGlobal
