
Microsoft Visual Studio Solution File, Format Version 12.00
# Visual Studio Version 17
VisualStudioVersion = 17.14.37027.9 d17.14
MinimumVisualStudioVersion = 10.0.40219.1
Project("{FAE04EC0-301F-11D3-BF4B-00C04F79EFBC}") = "P001", "P001\P001.csproj", "{59A35836-CAD9-4FB6-8E83-1D39A1FCB80B}"
EndProject
Global
	GlobalSection(SolutionConfigurationPlatforms) = preSolution
		Debug|Any CPU = Debug|Any CPU
		Release|Any CPU = Release|Any CPU
	EndGlobalSection
	GlobalSection(ProjectConfigurationPlatforms) = postSolution
		{59A35836-CAD9-4FB6-8E83-1D39A1FCB80B}.Debug|Any CPU.ActiveCfg = Debug|Any CPU
		{59A35836-CAD9-4FB6-8E83-1D39A1FCB80B}.Debug|Any CPU.Build.0 = Debug|Any CPU
		{59A35836-CAD9-4FB6-8E83-1D39A1FCB80B}.Release|Any CPU.ActiveCfg = Release|Any CPU
		{59A35836-CAD9-4FB6-8E83-1D39A1FCB80B}.Release|Any CPU.Build.0 = Release|Any CPU
	EndGlobalSection
	GlobalSection(SolutionProperties) = preSolution
		HideSolutionNode = FALSE
	EndGlobalSection
	GlobalSection(ExtensibilityGlobals) = postSolution
		SolutionGuid = {80533D7D-DD6F-4C8E-AEC8-E36F3DDCAAEC}
	EndGlobalSection
EndGlobal
