
Microsoft Visual Studio Solution File, Format Version 12.00
# Visual Studio Version 17
VisualStudioVersion = 17.14.37012.4 d17.14
MinimumVisualStudioVersion = 10.0.40219.1
Project("{FAE04EC0-301F-11D3-BF4B-00C04F79EFBC}") = "StudentsLinq", "StudentsLinq\StudentsLinq.csproj", "{0B7960E2-5143-4C82-B2C2-DE75DE27E2B8}"
EndProject
Global
	GlobalSection(SolutionConfigurationPlatforms) = preSolution
		Debug|Any CPU = Debug|Any CPU
		Release|Any CPU = Release|Any CPU
	EndGlobalSection
	GlobalSection(ProjectConfigurationPlatforms) = postSolution
		{0B7960E2-5143-4C82-B2C2-DE75DE27E2B8}.Debug|Any CPU.ActiveCfg = Debug|Any CPU
		{0B7960E2-5143-4C82-B2C2-DE75DE27E2B8}.Debug|Any CPU.Build.0 = Debug|Any CPU
		{0B7960E2-5143-4C82-B2C2-DE75DE27E2B8}.Release|Any CPU.ActiveCfg = Release|Any CPU
		{0B7960E2-5143-4C82-B2C2-DE75DE27E2B8}.Release|Any CPU.Build.0 = Release|Any CPU
	EndGlobalSection
	GlobalSection(SolutionProperties) = preSolution
		HideSolutionNode = FALSE
	EndGlobalSection
	GlobalSection(ExtensibilityGlobals) = postSolution
		SolutionGuid = {ABE98B41-DB4F-43AC-B6D0-E6441F9D61C0}
	EndGlobalSection
EndGlobal
