
Microsoft Visual Studio Solution File, Format Version 12.00
# Visual Studio Version 17
VisualStudioVersion = 17.8.34309.116
MinimumVisualStudioVersion = 10.0.40219.1
Project("{FAE04EC0-301F-11D3-BF4B-00C04F79EFBC}") = "ZH2_NAP_APP", "ZH2_NAP_APP\ZH2_NAP_APP.csproj", "{DD665967-0544-4991-90F5-4527F1D63B16}"
EndProject
Global
	GlobalSection(SolutionConfigurationPlatforms) = preSolution
		Debug|Any CPU = Debug|Any CPU
		Release|Any CPU = Release|Any CPU
	EndGlobalSection
	GlobalSection(ProjectConfigurationPlatforms) = postSolution
		{DD665967-0544-4991-90F5-4527F1D63B16}.Debug|Any CPU.ActiveCfg = Debug|Any CPU
		{DD665967-0544-4991-90F5-4527F1D63B16}.Debug|Any CPU.Build.0 = Debug|Any CPU
		{DD665967-0544-4991-90F5-4527F1D63B16}.Release|Any CPU.ActiveCfg = Release|Any CPU
		{DD665967-0544-4991-90F5-4527F1D63B16}.Release|Any CPU.Build.0 = Release|Any CPU
	EndGlobalSection
	GlobalSection(SolutionProperties) = preSolution
		HideSolutionNode = FALSE
	EndGlobalSection
	GlobalSection(ExtensibilityGlobals) = postSolution
		SolutionGuid = {E75667E3-F84F-49D5-9FDA-5A9EFC2DB835}
	EndGlobalSection
EndGlobal
