
Microsoft Visual Studio Solution File, Format Version 12.00
# Visual Studio Version 17
VisualStudioVersion = 17.11.35312.102
MinimumVisualStudioVersion = 10.0.40219.1
Project("{FAE04EC0-301F-11D3-BF4B-00C04F79EFBC}") = "20250930peldazh", "20250930peldazh\20250930peldazh.csproj", "{581CADF4-46E8-4960-A241-3157BB1C21BA}"
EndProject
Global
	GlobalSection(SolutionConfigurationPlatforms) = preSolution
		Debug|Any CPU = Debug|Any CPU
		Release|Any CPU = Release|Any CPU
	EndGlobalSection
	GlobalSection(ProjectConfigurationPlatforms) = postSolution
		{581CADF4-46E8-4960-A241-3157BB1C21BA}.Debug|Any CPU.ActiveCfg = Debug|Any CPU
		{581CADF4-46E8-4960-A241-3157BB1C21BA}.Debug|Any CPU.Build.0 = Debug|Any CPU
		{581CADF4-46E8-4960-A241-3157BB1C21BA}.Release|Any CPU.ActiveCfg = Release|Any CPU
		{581CADF4-46E8-4960-A241-3157BB1C21BA}.Release|Any CPU.Build.0 = Release|Any CPU
	EndGlobalSection
	GlobalSection(SolutionProperties) = preSolution
		HideSolutionNode = FALSE
	EndGlobalSection
	GlobalSection(ExtensibilityGlobals) = postSolution
		SolutionGuid = {DA43AD61-510A-4DE6-BC71-94871D4A0F73}
	EndGlobalSection
EndGlobal
